# This file was autogenerated by Stack.
# You should not edit this file by hand.
# For more information, please see the documentation at:
#   https://docs.haskellstack.org/en/stable/lock_files

packages:
- completed:
    hackage: broadcast-chan-0.2.0.2@sha256:563a482d8a2e2102598cc7d41d0cf079aee09077d3b6d6009b1fd1e41a74f1e9,6377
    pantry-tree:
      size: 755
      sha256: d55193fde9c1233a341a7432ad4ac6afbd5d0a34690ab00c8be68b96ec522c2d
  original:
    hackage: broadcast-chan-0.2.0.2@sha256:563a482d8a2e2102598cc7d41d0cf079aee09077d3b6d6009b1fd1e41a74f1e9
- completed:
    hackage: list-zipper-0.0.9@sha256:9c5d6120f9a94bfe44c1a6d406fe80bb011a369526d972a720d73eab0aabc900,2413
    pantry-tree:
      size: 326
      sha256: 85c575f1e57b795c46c3de9d9e9d8041a1a76f25abc724f4b9008b2234f362bf
  original:
    hackage: list-zipper-0.0.9@sha256:9c5d6120f9a94bfe44c1a6d406fe80bb011a369526d972a720d73eab0aabc900,2413
- completed:
    cabal-file:
      size: 2016
      sha256: 37fbd822c4b163189e676bd7d7dfcbef24ea3dfc989a66a20352283f4b02b46d
    name: replica
    version: 0.1.0.0
    git: https://github.com/pkamenarsky/replica.git
    pantry-tree:
      size: 1319
      sha256: 26ae65774e11b998f44a789706856ecc5e4689bcc55d5d413f8e7a49bca9cdaa
    commit: 4d93f16fe7397ee13a8842a01dad9224870c025e
  original:
    git: https://github.com/pkamenarsky/replica.git
    commit: 4d93f16fe7397ee13a8842a01dad9224870c025e
snapshots:
- completed:
    size: 498155
    url: https://raw.githubusercontent.com/commercialhaskell/stackage-snapshots/master/lts/13/19.yaml
    sha256: b9367a80d4393d02e58a46b8a9fdfbd7bc19f59c0c2bbf90034ba15cf52cf213
  original: lts-13.19
